
Microsoft Visual Studio Solution File, Format Version 12.00
# Visual Studio Version 17
VisualStudioVersion = 17.2.32630.192
MinimumVisualStudioVersion = 10.0.40219.1
Project("{9A19103F-16F7-4668-BE54-9A1E7A4F7556}") = "R5T.F0094", "R5T.F0094\R5T.F0094.csproj", "{9F8B8466-5D1C-4CC2-B79E-E077C29F3783}"
EndProject
Project("{2150E333-8FDC-42A3-9474-1A3956D46DE8}") = "_Dependencies", "_Dependencies", "{3A018758-731F-4D2A-80E6-5DF341BF3AD4}"
EndProject
Project("{9A19103F-16F7-4668-BE54-9A1E7A4F7556}") = "R5T.F0000", "..\..\R5T.F0000\source\R5T.F0000\R5T.F0000.csproj", "{DEA0D5CC-C8F2-4E31-84E8-61193A4C09AD}"
EndProject
Project("{9A19103F-16F7-4668-BE54-9A1E7A4F7556}") = "R5T.F0078", "..\..\R5T.F0078\source\R5T.F0078\R5T.F0078.csproj", "{4F81554A-E64C-49E4-A5C2-D49AD90F35DD}"
EndProject
Project("{9A19103F-16F7-4668-BE54-9A1E7A4F7556}") = "R5T.F0079", "..\..\R5T.F0079\source\R5T.F0079\R5T.F0079.csproj", "{381A4D16-B2D5-42BC-B330-A91430686F68}"
EndProject
Project("{9A19103F-16F7-4668-BE54-9A1E7A4F7556}") = "R5T.F0083.R001", "..\..\R5T.F0083\source\R5T.F0083.R001\R5T.F0083.R001.csproj", "{E5D64938-43A2-41CF-8FA5-9A5F34482736}"
EndProject
Project("{9A19103F-16F7-4668-BE54-9A1E7A4F7556}") = "R5T.F0083", "..\..\R5T.F0083\source\R5T.F0083\R5T.F0083.csproj", "{5DAF3E4C-1C5D-4D39-AB55-D4A72467DC2A}"
EndProject
Project("{9A19103F-16F7-4668-BE54-9A1E7A4F7556}") = "R5T.F0086", "..\..\R5T.F0086\source\R5T.F0086\R5T.F0086.csproj", "{BB6D2A92-7890-4974-82C6-C24695FF5D3F}"
EndProject
Project("{9A19103F-16F7-4668-BE54-9A1E7A4F7556}") = "R5T.NG0009", "..\..\R5T.NG0009\source\R5T.NG0009\R5T.NG0009.csproj", "{2AFD1CC7-032A-4E30-A310-7CCD5467D679}"
EndProject
Project("{9A19103F-16F7-4668-BE54-9A1E7A4F7556}") = "R5T.NG0014", "..\..\R5T.NG0014\source\R5T.NG0014\R5T.NG0014.csproj", "{9C46D180-8470-4CB7-8426-358756C6314C}"
EndProject
Project("{9A19103F-16F7-4668-BE54-9A1E7A4F7556}") = "R5T.T0131", "..\..\R5T.T0131\source\R5T.T0131\R5T.T0131.csproj", "{EAEB1B27-B9AB-4FE8-9B59-1DB828C49ADC}"
EndProject
Project("{9A19103F-16F7-4668-BE54-9A1E7A4F7556}") = "R5T.T0132", "..\..\R5T.T0132\source\R5T.T0132\R5T.T0132.csproj", "{1B697C3C-9303-4D25-9C4F-A639C2C325BF}"
EndProject
Project("{9A19103F-16F7-4668-BE54-9A1E7A4F7556}") = "R5T.T0142", "..\..\R5T.T0142\source\R5T.T0142\R5T.T0142.csproj", "{5C4065A5-DF61-4D58-BA23-ABFA07A53DB0}"
EndProject
Project("{9A19103F-16F7-4668-BE54-9A1E7A4F7556}") = "R5T.T0143", "..\..\R5T.T0143\source\R5T.T0143\R5T.T0143.csproj", "{BF2A0EE0-18AF-4DE5-A58F-3E664760A586}"
EndProject
Project("{9A19103F-16F7-4668-BE54-9A1E7A4F7556}") = "R5T.Y0000", "..\..\R5T.Y0000\source\R5T.Y0000\R5T.Y0000.csproj", "{16D60CB3-6B0E-4EF7-BE20-45FF66273CD1}"
EndProject
Project("{9A19103F-16F7-4668-BE54-9A1E7A4F7556}") = "R5T.Z0000", "..\..\R5T.Z0000\source\R5T.Z0000\R5T.Z0000.csproj", "{4770F8B8-4F45-4FDB-BA31-05C17FF9368F}"
EndProject
Global
	GlobalSection(NestedProjects) = preSolution
		{DEA0D5CC-C8F2-4E31-84E8-61193A4C09AD} = {3A018758-731F-4D2A-80E6-5DF341BF3AD4}
		{4F81554A-E64C-49E4-A5C2-D49AD90F35DD} = {3A018758-731F-4D2A-80E6-5DF341BF3AD4}
		{381A4D16-B2D5-42BC-B330-A91430686F68} = {3A018758-731F-4D2A-80E6-5DF341BF3AD4}
		{E5D64938-43A2-41CF-8FA5-9A5F34482736} = {3A018758-731F-4D2A-80E6-5DF341BF3AD4}
		{5DAF3E4C-1C5D-4D39-AB55-D4A72467DC2A} = {3A018758-731F-4D2A-80E6-5DF341BF3AD4}
		{BB6D2A92-7890-4974-82C6-C24695FF5D3F} = {3A018758-731F-4D2A-80E6-5DF341BF3AD4}
		{2AFD1CC7-032A-4E30-A310-7CCD5467D679} = {3A018758-731F-4D2A-80E6-5DF341BF3AD4}
		{9C46D180-8470-4CB7-8426-358756C6314C} = {3A018758-731F-4D2A-80E6-5DF341BF3AD4}
		{EAEB1B27-B9AB-4FE8-9B59-1DB828C49ADC} = {3A018758-731F-4D2A-80E6-5DF341BF3AD4}
		{1B697C3C-9303-4D25-9C4F-A639C2C325BF} = {3A018758-731F-4D2A-80E6-5DF341BF3AD4}
		{5C4065A5-DF61-4D58-BA23-ABFA07A53DB0} = {3A018758-731F-4D2A-80E6-5DF341BF3AD4}
		{BF2A0EE0-18AF-4DE5-A58F-3E664760A586} = {3A018758-731F-4D2A-80E6-5DF341BF3AD4}
		{16D60CB3-6B0E-4EF7-BE20-45FF66273CD1} = {3A018758-731F-4D2A-80E6-5DF341BF3AD4}
		{4770F8B8-4F45-4FDB-BA31-05C17FF9368F} = {3A018758-731F-4D2A-80E6-5DF341BF3AD4}
	EndGlobalSection
	GlobalSection(SolutionConfigurationPlatforms) = preSolution
		Debug|Any CPU = Debug|Any CPU
		Release|Any CPU = Release|Any CPU
	EndGlobalSection
	GlobalSection(ProjectConfigurationPlatforms) = postSolution
		{9F8B8466-5D1C-4CC2-B79E-E077C29F3783}.Debug|Any CPU.ActiveCfg = Debug|Any CPU
		{9F8B8466-5D1C-4CC2-B79E-E077C29F3783}.Debug|Any CPU.Build.0 = Debug|Any CPU
		{9F8B8466-5D1C-4CC2-B79E-E077C29F3783}.Release|Any CPU.ActiveCfg = Release|Any CPU
		{9F8B8466-5D1C-4CC2-B79E-E077C29F3783}.Release|Any CPU.Build.0 = Release|Any CPU
		{DEA0D5CC-C8F2-4E31-84E8-61193A4C09AD}.Debug|Any CPU.ActiveCfg = Debug|Any CPU
		{DEA0D5CC-C8F2-4E31-84E8-61193A4C09AD}.Debug|Any CPU.Build.0 = Debug|Any CPU
		{DEA0D5CC-C8F2-4E31-84E8-61193A4C09AD}.Release|Any CPU.ActiveCfg = Release|Any CPU
		{DEA0D5CC-C8F2-4E31-84E8-61193A4C09AD}.Release|Any CPU.Build.0 = Release|Any CPU
		{4F81554A-E64C-49E4-A5C2-D49AD90F35DD}.Debug|Any CPU.ActiveCfg = Debug|Any CPU
		{4F81554A-E64C-49E4-A5C2-D49AD90F35DD}.Debug|Any CPU.Build.0 = Debug|Any CPU
		{4F81554A-E64C-49E4-A5C2-D49AD90F35DD}.Release|Any CPU.ActiveCfg = Release|Any CPU
		{4F81554A-E64C-49E4-A5C2-D49AD90F35DD}.Release|Any CPU.Build.0 = Release|Any CPU
		{381A4D16-B2D5-42BC-B330-A91430686F68}.Debug|Any CPU.ActiveCfg = Debug|Any CPU
		{381A4D16-B2D5-42BC-B330-A91430686F68}.Debug|Any CPU.Build.0 = Debug|Any CPU
		{381A4D16-B2D5-42BC-B330-A91430686F68}.Release|Any CPU.ActiveCfg = Release|Any CPU
		{381A4D16-B2D5-42BC-B330-A91430686F68}.Release|Any CPU.Build.0 = Release|Any CPU
		{E5D64938-43A2-41CF-8FA5-9A5F34482736}.Debug|Any CPU.ActiveCfg = Debug|Any CPU
		{E5D64938-43A2-41CF-8FA5-9A5F34482736}.Debug|Any CPU.Build.0 = Debug|Any CPU
		{E5D64938-43A2-41CF-8FA5-9A5F34482736}.Release|Any CPU.ActiveCfg = Release|Any CPU
		{E5D64938-43A2-41CF-8FA5-9A5F34482736}.Release|Any CPU.Build.0 = Release|Any CPU
		{5DAF3E4C-1C5D-4D39-AB55-D4A72467DC2A}.Debug|Any CPU.ActiveCfg = Debug|Any CPU
		{5DAF3E4C-1C5D-4D39-AB55-D4A72467DC2A}.Debug|Any CPU.Build.0 = Debug|Any CPU
		{5DAF3E4C-1C5D-4D39-AB55-D4A72467DC2A}.Release|Any CPU.ActiveCfg = Release|Any CPU
		{5DAF3E4C-1C5D-4D39-AB55-D4A72467DC2A}.Release|Any CPU.Build.0 = Release|Any CPU
		{BB6D2A92-7890-4974-82C6-C24695FF5D3F}.Debug|Any CPU.ActiveCfg = Debug|Any CPU
		{BB6D2A92-7890-4974-82C6-C24695FF5D3F}.Debug|Any CPU.Build.0 = Debug|Any CPU
		{BB6D2A92-7890-4974-82C6-C24695FF5D3F}.Release|Any CPU.ActiveCfg = Release|Any CPU
		{BB6D2A92-7890-4974-82C6-C24695FF5D3F}.Release|Any CPU.Build.0 = Release|Any CPU
		{2AFD1CC7-032A-4E30-A310-7CCD5467D679}.Debug|Any CPU.ActiveCfg = Debug|Any CPU
		{2AFD1CC7-032A-4E30-A310-7CCD5467D679}.Debug|Any CPU.Build.0 = Debug|Any CPU
		{2AFD1CC7-032A-4E30-A310-7CCD5467D679}.Release|Any CPU.ActiveCfg = Release|Any CPU
		{2AFD1CC7-032A-4E30-A310-7CCD5467D679}.Release|Any CPU.Build.0 = Release|Any CPU
		{9C46D180-8470-4CB7-8426-358756C6314C}.Debug|Any CPU.ActiveCfg = Debug|Any CPU
		{9C46D180-8470-4CB7-8426-358756C6314C}.Debug|Any CPU.Build.0 = Debug|Any CPU
		{9C46D180-8470-4CB7-8426-358756C6314C}.Release|Any CPU.ActiveCfg = Release|Any CPU
		{9C46D180-8470-4CB7-8426-358756C6314C}.Release|Any CPU.Build.0 = Release|Any CPU
		{EAEB1B27-B9AB-4FE8-9B59-1DB828C49ADC}.Debug|Any CPU.ActiveCfg = Debug|Any CPU
		{EAEB1B27-B9AB-4FE8-9B59-1DB828C49ADC}.Debug|Any CPU.Build.0 = Debug|Any CPU
		{EAEB1B27-B9AB-4FE8-9B59-1DB828C49ADC}.Release|Any CPU.ActiveCfg = Release|Any CPU
		{EAEB1B27-B9AB-4FE8-9B59-1DB828C49ADC}.Release|Any CPU.Build.0 = Release|Any CPU
		{1B697C3C-9303-4D25-9C4F-A639C2C325BF}.Debug|Any CPU.ActiveCfg = Debug|Any CPU
		{1B697C3C-9303-4D25-9C4F-A639C2C325BF}.Debug|Any CPU.Build.0 = Debug|Any CPU
		{1B697C3C-9303-4D25-9C4F-A639C2C325BF}.Release|Any CPU.ActiveCfg = Release|Any CPU
		{1B697C3C-9303-4D25-9C4F-A639C2C325BF}.Release|Any CPU.Build.0 = Release|Any CPU
		{5C4065A5-DF61-4D58-BA23-ABFA07A53DB0}.Debug|Any CPU.ActiveCfg = Debug|Any CPU
		{5C4065A5-DF61-4D58-BA23-ABFA07A53DB0}.Debug|Any CPU.Build.0 = Debug|Any CPU
		{5C4065A5-DF61-4D58-BA23-ABFA07A53DB0}.Release|Any CPU.ActiveCfg = Release|Any CPU
		{5C4065A5-DF61-4D58-BA23-ABFA07A53DB0}.Release|Any CPU.Build.0 = Release|Any CPU
		{BF2A0EE0-18AF-4DE5-A58F-3E664760A586}.Debug|Any CPU.ActiveCfg = Debug|Any CPU
		{BF2A0EE0-18AF-4DE5-A58F-3E664760A586}.Debug|Any CPU.Build.0 = Debug|Any CPU
		{BF2A0EE0-18AF-4DE5-A58F-3E664760A586}.Release|Any CPU.ActiveCfg = Release|Any CPU
		{BF2A0EE0-18AF-4DE5-A58F-3E664760A586}.Release|Any CPU.Build.0 = Release|Any CPU
		{16D60CB3-6B0E-4EF7-BE20-45FF66273CD1}.Debug|Any CPU.ActiveCfg = Debug|Any CPU
		{16D60CB3-6B0E-4EF7-BE20-45FF66273CD1}.Debug|Any CPU.Build.0 = Debug|Any CPU
		{16D60CB3-6B0E-4EF7-BE20-45FF66273CD1}.Release|Any CPU.ActiveCfg = Release|Any CPU
		{16D60CB3-6B0E-4EF7-BE20-45FF66273CD1}.Release|Any CPU.Build.0 = Release|Any CPU
		{4770F8B8-4F45-4FDB-BA31-05C17FF9368F}.Debug|Any CPU.ActiveCfg = Debug|Any CPU
		{4770F8B8-4F45-4FDB-BA31-05C17FF9368F}.Debug|Any CPU.Build.0 = Debug|Any CPU
		{4770F8B8-4F45-4FDB-BA31-05C17FF9368F}.Release|Any CPU.ActiveCfg = Release|Any CPU
		{4770F8B8-4F45-4FDB-BA31-05C17FF9368F}.Release|Any CPU.Build.0 = Release|Any CPU
	EndGlobalSection
	GlobalSection(SolutionProperties) = preSolution
		HideSolutionNode = FALSE
	EndGlobalSection
	GlobalSection(ExtensibilityGlobals) = postSolution
		SolutionGuid = {C3C8F672-817A-4ACC-BA9C-60281C3C8D67}
	EndGlobalSection
EndGlobal
