
Microsoft Visual Studio Solution File, Format Version 12.00
# Visual Studio Version 17
VisualStudioVersion = 17.2.32630.192
MinimumVisualStudioVersion = 10.0.40219.1
Project("{9A19103F-16F7-4668-BE54-9A1E7A4F7556}") = "R5T.F0094.Construction", "R5T.F0094.Construction\R5T.F0094.Construction.csproj", "{B02B9EC7-9273-4C9E-84C1-39C9148B68A2}"
EndProject
Project("{9A19103F-16F7-4668-BE54-9A1E7A4F7556}") = "R5T.F0094", "R5T.F0094\R5T.F0094.csproj", "{370712FA-664D-4356-A3B1-9F6B37020A1A}"
EndProject
Project("{2150E333-8FDC-42A3-9474-1A3956D46DE8}") = "_Dependencies", "_Dependencies", "{7082F54F-6C80-45F0-87B5-93BBF5847579}"
EndProject
Project("{9A19103F-16F7-4668-BE54-9A1E7A4F7556}") = "R5T.F0000", "..\..\R5T.F0000\source\R5T.F0000\R5T.F0000.csproj", "{8A7AD2F2-ECC5-438B-AC3D-3B9B4DE1D909}"
EndProject
Project("{9A19103F-16F7-4668-BE54-9A1E7A4F7556}") = "R5T.F0078", "..\..\R5T.F0078\source\R5T.F0078\R5T.F0078.csproj", "{B1AA0274-16F0-4935-B9D9-766FE6D6D91C}"
EndProject
Project("{9A19103F-16F7-4668-BE54-9A1E7A4F7556}") = "R5T.F0079", "..\..\R5T.F0079\source\R5T.F0079\R5T.F0079.csproj", "{00FCFFE5-2A35-4C1F-97DE-3212EA88A4D5}"
EndProject
Project("{9A19103F-16F7-4668-BE54-9A1E7A4F7556}") = "R5T.F0083.R001", "..\..\R5T.F0083\source\R5T.F0083.R001\R5T.F0083.R001.csproj", "{4AEA05E1-FC5C-4BA8-A8C7-F262806CC440}"
EndProject
Project("{9A19103F-16F7-4668-BE54-9A1E7A4F7556}") = "R5T.F0083", "..\..\R5T.F0083\source\R5T.F0083\R5T.F0083.csproj", "{2CDB5225-575E-4412-82D1-8EB47202706A}"
EndProject
Project("{9A19103F-16F7-4668-BE54-9A1E7A4F7556}") = "R5T.F0086", "..\..\R5T.F0086\source\R5T.F0086\R5T.F0086.csproj", "{FAFD503D-28A3-45F7-B6DB-78DBFCA7858A}"
EndProject
Project("{9A19103F-16F7-4668-BE54-9A1E7A4F7556}") = "R5T.NG0009", "..\..\R5T.NG0009\source\R5T.NG0009\R5T.NG0009.csproj", "{32B21BD5-79BB-45AD-8C16-D52EE88B660F}"
EndProject
Project("{9A19103F-16F7-4668-BE54-9A1E7A4F7556}") = "R5T.NG0014", "..\..\R5T.NG0014\source\R5T.NG0014\R5T.NG0014.csproj", "{E437E3ED-2251-4327-B134-A79067C224A9}"
EndProject
Project("{9A19103F-16F7-4668-BE54-9A1E7A4F7556}") = "R5T.T0131", "..\..\R5T.T0131\source\R5T.T0131\R5T.T0131.csproj", "{4E294AD1-D38B-4E15-AB28-AA0DEB1BA741}"
EndProject
Project("{9A19103F-16F7-4668-BE54-9A1E7A4F7556}") = "R5T.T0132", "..\..\R5T.T0132\source\R5T.T0132\R5T.T0132.csproj", "{7CF80553-2C98-4047-92F3-A58BBAC5A633}"
EndProject
Project("{9A19103F-16F7-4668-BE54-9A1E7A4F7556}") = "R5T.T0142", "..\..\R5T.T0142\source\R5T.T0142\R5T.T0142.csproj", "{0D7BFE51-4412-486E-8B67-F9C355F79117}"
EndProject
Project("{9A19103F-16F7-4668-BE54-9A1E7A4F7556}") = "R5T.T0143", "..\..\R5T.T0143\source\R5T.T0143\R5T.T0143.csproj", "{1C8F58BE-C38B-4A7A-AE18-5622A9329F8E}"
EndProject
Project("{9A19103F-16F7-4668-BE54-9A1E7A4F7556}") = "R5T.Y0000", "..\..\R5T.Y0000\source\R5T.Y0000\R5T.Y0000.csproj", "{8A7BDA27-F71A-4586-A9CA-464991E2E25D}"
EndProject
Project("{9A19103F-16F7-4668-BE54-9A1E7A4F7556}") = "R5T.Z0000", "..\..\R5T.Z0000\source\R5T.Z0000\R5T.Z0000.csproj", "{7156DDF2-7273-4697-AAA5-3118CE406656}"
EndProject
Global
	GlobalSection(NestedProjects) = preSolution
		{8A7AD2F2-ECC5-438B-AC3D-3B9B4DE1D909} = {7082F54F-6C80-45F0-87B5-93BBF5847579}
		{B1AA0274-16F0-4935-B9D9-766FE6D6D91C} = {7082F54F-6C80-45F0-87B5-93BBF5847579}
		{00FCFFE5-2A35-4C1F-97DE-3212EA88A4D5} = {7082F54F-6C80-45F0-87B5-93BBF5847579}
		{4AEA05E1-FC5C-4BA8-A8C7-F262806CC440} = {7082F54F-6C80-45F0-87B5-93BBF5847579}
		{2CDB5225-575E-4412-82D1-8EB47202706A} = {7082F54F-6C80-45F0-87B5-93BBF5847579}
		{FAFD503D-28A3-45F7-B6DB-78DBFCA7858A} = {7082F54F-6C80-45F0-87B5-93BBF5847579}
		{32B21BD5-79BB-45AD-8C16-D52EE88B660F} = {7082F54F-6C80-45F0-87B5-93BBF5847579}
		{E437E3ED-2251-4327-B134-A79067C224A9} = {7082F54F-6C80-45F0-87B5-93BBF5847579}
		{4E294AD1-D38B-4E15-AB28-AA0DEB1BA741} = {7082F54F-6C80-45F0-87B5-93BBF5847579}
		{7CF80553-2C98-4047-92F3-A58BBAC5A633} = {7082F54F-6C80-45F0-87B5-93BBF5847579}
		{0D7BFE51-4412-486E-8B67-F9C355F79117} = {7082F54F-6C80-45F0-87B5-93BBF5847579}
		{1C8F58BE-C38B-4A7A-AE18-5622A9329F8E} = {7082F54F-6C80-45F0-87B5-93BBF5847579}
		{8A7BDA27-F71A-4586-A9CA-464991E2E25D} = {7082F54F-6C80-45F0-87B5-93BBF5847579}
		{7156DDF2-7273-4697-AAA5-3118CE406656} = {7082F54F-6C80-45F0-87B5-93BBF5847579}
	EndGlobalSection
	GlobalSection(SolutionConfigurationPlatforms) = preSolution
		Debug|Any CPU = Debug|Any CPU
		Release|Any CPU = Release|Any CPU
	EndGlobalSection
	GlobalSection(ProjectConfigurationPlatforms) = postSolution
		{B02B9EC7-9273-4C9E-84C1-39C9148B68A2}.Debug|Any CPU.ActiveCfg = Debug|Any CPU
		{B02B9EC7-9273-4C9E-84C1-39C9148B68A2}.Debug|Any CPU.Build.0 = Debug|Any CPU
		{B02B9EC7-9273-4C9E-84C1-39C9148B68A2}.Release|Any CPU.ActiveCfg = Release|Any CPU
		{B02B9EC7-9273-4C9E-84C1-39C9148B68A2}.Release|Any CPU.Build.0 = Release|Any CPU
		{370712FA-664D-4356-A3B1-9F6B37020A1A}.Debug|Any CPU.ActiveCfg = Debug|Any CPU
		{370712FA-664D-4356-A3B1-9F6B37020A1A}.Debug|Any CPU.Build.0 = Debug|Any CPU
		{370712FA-664D-4356-A3B1-9F6B37020A1A}.Release|Any CPU.ActiveCfg = Release|Any CPU
		{370712FA-664D-4356-A3B1-9F6B37020A1A}.Release|Any CPU.Build.0 = Release|Any CPU
		{8A7AD2F2-ECC5-438B-AC3D-3B9B4DE1D909}.Debug|Any CPU.ActiveCfg = Debug|Any CPU
		{8A7AD2F2-ECC5-438B-AC3D-3B9B4DE1D909}.Debug|Any CPU.Build.0 = Debug|Any CPU
		{8A7AD2F2-ECC5-438B-AC3D-3B9B4DE1D909}.Release|Any CPU.ActiveCfg = Release|Any CPU
		{8A7AD2F2-ECC5-438B-AC3D-3B9B4DE1D909}.Release|Any CPU.Build.0 = Release|Any CPU
		{B1AA0274-16F0-4935-B9D9-766FE6D6D91C}.Debug|Any CPU.ActiveCfg = Debug|Any CPU
		{B1AA0274-16F0-4935-B9D9-766FE6D6D91C}.Debug|Any CPU.Build.0 = Debug|Any CPU
		{B1AA0274-16F0-4935-B9D9-766FE6D6D91C}.Release|Any CPU.ActiveCfg = Release|Any CPU
		{B1AA0274-16F0-4935-B9D9-766FE6D6D91C}.Release|Any CPU.Build.0 = Release|Any CPU
		{00FCFFE5-2A35-4C1F-97DE-3212EA88A4D5}.Debug|Any CPU.ActiveCfg = Debug|Any CPU
		{00FCFFE5-2A35-4C1F-97DE-3212EA88A4D5}.Debug|Any CPU.Build.0 = Debug|Any CPU
		{00FCFFE5-2A35-4C1F-97DE-3212EA88A4D5}.Release|Any CPU.ActiveCfg = Release|Any CPU
		{00FCFFE5-2A35-4C1F-97DE-3212EA88A4D5}.Release|Any CPU.Build.0 = Release|Any CPU
		{4AEA05E1-FC5C-4BA8-A8C7-F262806CC440}.Debug|Any CPU.ActiveCfg = Debug|Any CPU
		{4AEA05E1-FC5C-4BA8-A8C7-F262806CC440}.Debug|Any CPU.Build.0 = Debug|Any CPU
		{4AEA05E1-FC5C-4BA8-A8C7-F262806CC440}.Release|Any CPU.ActiveCfg = Release|Any CPU
		{4AEA05E1-FC5C-4BA8-A8C7-F262806CC440}.Release|Any CPU.Build.0 = Release|Any CPU
		{2CDB5225-575E-4412-82D1-8EB47202706A}.Debug|Any CPU.ActiveCfg = Debug|Any CPU
		{2CDB5225-575E-4412-82D1-8EB47202706A}.Debug|Any CPU.Build.0 = Debug|Any CPU
		{2CDB5225-575E-4412-82D1-8EB47202706A}.Release|Any CPU.ActiveCfg = Release|Any CPU
		{2CDB5225-575E-4412-82D1-8EB47202706A}.Release|Any CPU.Build.0 = Release|Any CPU
		{FAFD503D-28A3-45F7-B6DB-78DBFCA7858A}.Debug|Any CPU.ActiveCfg = Debug|Any CPU
		{FAFD503D-28A3-45F7-B6DB-78DBFCA7858A}.Debug|Any CPU.Build.0 = Debug|Any CPU
		{FAFD503D-28A3-45F7-B6DB-78DBFCA7858A}.Release|Any CPU.ActiveCfg = Release|Any CPU
		{FAFD503D-28A3-45F7-B6DB-78DBFCA7858A}.Release|Any CPU.Build.0 = Release|Any CPU
		{32B21BD5-79BB-45AD-8C16-D52EE88B660F}.Debug|Any CPU.ActiveCfg = Debug|Any CPU
		{32B21BD5-79BB-45AD-8C16-D52EE88B660F}.Debug|Any CPU.Build.0 = Debug|Any CPU
		{32B21BD5-79BB-45AD-8C16-D52EE88B660F}.Release|Any CPU.ActiveCfg = Release|Any CPU
		{32B21BD5-79BB-45AD-8C16-D52EE88B660F}.Release|Any CPU.Build.0 = Release|Any CPU
		{E437E3ED-2251-4327-B134-A79067C224A9}.Debug|Any CPU.ActiveCfg = Debug|Any CPU
		{E437E3ED-2251-4327-B134-A79067C224A9}.Debug|Any CPU.Build.0 = Debug|Any CPU
		{E437E3ED-2251-4327-B134-A79067C224A9}.Release|Any CPU.ActiveCfg = Release|Any CPU
		{E437E3ED-2251-4327-B134-A79067C224A9}.Release|Any CPU.Build.0 = Release|Any CPU
		{4E294AD1-D38B-4E15-AB28-AA0DEB1BA741}.Debug|Any CPU.ActiveCfg = Debug|Any CPU
		{4E294AD1-D38B-4E15-AB28-AA0DEB1BA741}.Debug|Any CPU.Build.0 = Debug|Any CPU
		{4E294AD1-D38B-4E15-AB28-AA0DEB1BA741}.Release|Any CPU.ActiveCfg = Release|Any CPU
		{4E294AD1-D38B-4E15-AB28-AA0DEB1BA741}.Release|Any CPU.Build.0 = Release|Any CPU
		{7CF80553-2C98-4047-92F3-A58BBAC5A633}.Debug|Any CPU.ActiveCfg = Debug|Any CPU
		{7CF80553-2C98-4047-92F3-A58BBAC5A633}.Debug|Any CPU.Build.0 = Debug|Any CPU
		{7CF80553-2C98-4047-92F3-A58BBAC5A633}.Release|Any CPU.ActiveCfg = Release|Any CPU
		{7CF80553-2C98-4047-92F3-A58BBAC5A633}.Release|Any CPU.Build.0 = Release|Any CPU
		{0D7BFE51-4412-486E-8B67-F9C355F79117}.Debug|Any CPU.ActiveCfg = Debug|Any CPU
		{0D7BFE51-4412-486E-8B67-F9C355F79117}.Debug|Any CPU.Build.0 = Debug|Any CPU
		{0D7BFE51-4412-486E-8B67-F9C355F79117}.Release|Any CPU.ActiveCfg = Release|Any CPU
		{0D7BFE51-4412-486E-8B67-F9C355F79117}.Release|Any CPU.Build.0 = Release|Any CPU
		{1C8F58BE-C38B-4A7A-AE18-5622A9329F8E}.Debug|Any CPU.ActiveCfg = Debug|Any CPU
		{1C8F58BE-C38B-4A7A-AE18-5622A9329F8E}.Debug|Any CPU.Build.0 = Debug|Any CPU
		{1C8F58BE-C38B-4A7A-AE18-5622A9329F8E}.Release|Any CPU.ActiveCfg = Release|Any CPU
		{1C8F58BE-C38B-4A7A-AE18-5622A9329F8E}.Release|Any CPU.Build.0 = Release|Any CPU
		{8A7BDA27-F71A-4586-A9CA-464991E2E25D}.Debug|Any CPU.ActiveCfg = Debug|Any CPU
		{8A7BDA27-F71A-4586-A9CA-464991E2E25D}.Debug|Any CPU.Build.0 = Debug|Any CPU
		{8A7BDA27-F71A-4586-A9CA-464991E2E25D}.Release|Any CPU.ActiveCfg = Release|Any CPU
		{8A7BDA27-F71A-4586-A9CA-464991E2E25D}.Release|Any CPU.Build.0 = Release|Any CPU
		{7156DDF2-7273-4697-AAA5-3118CE406656}.Debug|Any CPU.ActiveCfg = Debug|Any CPU
		{7156DDF2-7273-4697-AAA5-3118CE406656}.Debug|Any CPU.Build.0 = Debug|Any CPU
		{7156DDF2-7273-4697-AAA5-3118CE406656}.Release|Any CPU.ActiveCfg = Release|Any CPU
		{7156DDF2-7273-4697-AAA5-3118CE406656}.Release|Any CPU.Build.0 = Release|Any CPU
	EndGlobalSection
	GlobalSection(SolutionProperties) = preSolution
		HideSolutionNode = FALSE
	EndGlobalSection
	GlobalSection(ExtensibilityGlobals) = postSolution
		SolutionGuid = {47FB55B9-5FE3-4B32-89CC-B6B08BC3F178}
	EndGlobalSection
EndGlobal
